
Microsoft Visual Studio Solution File, Format Version 12.00
# Visual Studio Version 17
VisualStudioVersion = 17.5.33516.290
MinimumVisualStudioVersion = 10.0.40219.1
Project("{FAE04EC0-301F-11D3-BF4B-00C04F79EFBC}") = "uyg", "uyg\uyg.csproj", "{59203810-8304-44CB-8238-EEBA9012A139}"
EndProject
Global
	GlobalSection(SolutionConfigurationPlatforms) = preSolution
		Debug|Any CPU = Debug|Any CPU
		Release|Any CPU = Release|Any CPU
	EndGlobalSection
	GlobalSection(ProjectConfigurationPlatforms) = postSolution
		{59203810-8304-44CB-8238-EEBA9012A139}.Debug|Any CPU.ActiveCfg = Debug|Any CPU
		{59203810-8304-44CB-8238-EEBA9012A139}.Debug|Any CPU.Build.0 = Debug|Any CPU
		{59203810-8304-44CB-8238-EEBA9012A139}.Release|Any CPU.ActiveCfg = Release|Any CPU
		{59203810-8304-44CB-8238-EEBA9012A139}.Release|Any CPU.Build.0 = Release|Any CPU
	EndGlobalSection
	GlobalSection(SolutionProperties) = preSolution
		HideSolutionNode = FALSE
	EndGlobalSection
	GlobalSection(ExtensibilityGlobals) = postSolution
		SolutionGuid = {853F3D3D-C805-4402-B701-373C4ECE3FE2}
	EndGlobalSection
EndGlobal
